
Microsoft Visual Studio Solution File, Format Version 12.00
# Visual Studio Version 16
VisualStudioVersion = 16.0.31025.194
MinimumVisualStudioVersion = 10.0.40219.1
Project("{FAE04EC0-301F-11D3-BF4B-00C04F79EFBC}") = "Strip Image Metadata", "Strip Image Metadata\Strip Image Metadata.csproj", "{DBB6F374-372F-4CFD-ABCD-DD8E25E2A643}"
EndProject
Global
	GlobalSection(SolutionConfigurationPlatforms) = preSolution
		Debug|Any CPU = Debug|Any CPU
		Release|Any CPU = Release|Any CPU
	EndGlobalSection
	GlobalSection(ProjectConfigurationPlatforms) = postSolution
		{DBB6F374-372F-4CFD-ABCD-DD8E25E2A643}.Debug|Any CPU.ActiveCfg = Debug|Any CPU
		{DBB6F374-372F-4CFD-ABCD-DD8E25E2A643}.Debug|Any CPU.Build.0 = Debug|Any CPU
		{DBB6F374-372F-4CFD-ABCD-DD8E25E2A643}.Release|Any CPU.ActiveCfg = Release|Any CPU
		{DBB6F374-372F-4CFD-ABCD-DD8E25E2A643}.Release|Any CPU.Build.0 = Release|Any CPU
	EndGlobalSection
	GlobalSection(SolutionProperties) = preSolution
		HideSolutionNode = FALSE
	EndGlobalSection
	GlobalSection(ExtensibilityGlobals) = postSolution
		SolutionGuid = {A05F623B-C702-4574-9100-3575A0062F65}
	EndGlobalSection
EndGlobal
